
Microsoft Visual Studio Solution File, Format Version 12.00
# Visual Studio Version 16
VisualStudioVersion = 16.0.32413.511
MinimumVisualStudioVersion = 10.0.40219.1
Project("{FAE04EC0-301F-11D3-BF4B-00C04F79EFBC}") = "CadastroDePedidoExercicio", "CadastroDePedidoExercicio\CadastroDePedidoExercicio.csproj", "{EA3C3FA3-86C2-4C58-9B62-E776F082E8D2}"
EndProject
Global
	GlobalSection(SolutionConfigurationPlatforms) = preSolution
		Debug|Any CPU = Debug|Any CPU
		Release|Any CPU = Release|Any CPU
	EndGlobalSection
	GlobalSection(ProjectConfigurationPlatforms) = postSolution
		{EA3C3FA3-86C2-4C58-9B62-E776F082E8D2}.Debug|Any CPU.ActiveCfg = Debug|Any CPU
		{EA3C3FA3-86C2-4C58-9B62-E776F082E8D2}.Debug|Any CPU.Build.0 = Debug|Any CPU
		{EA3C3FA3-86C2-4C58-9B62-E776F082E8D2}.Release|Any CPU.ActiveCfg = Release|Any CPU
		{EA3C3FA3-86C2-4C58-9B62-E776F082E8D2}.Release|Any CPU.Build.0 = Release|Any CPU
	EndGlobalSection
	GlobalSection(SolutionProperties) = preSolution
		HideSolutionNode = FALSE
	EndGlobalSection
	GlobalSection(ExtensibilityGlobals) = postSolution
		SolutionGuid = {C086F627-7E93-46AB-A78F-CE4E0191B512}
	EndGlobalSection
EndGlobal
